
Microsoft Visual Studio Solution File, Format Version 12.00
# Visual Studio 14
VisualStudioVersion = 14.0.25420.1
MinimumVisualStudioVersion = 10.0.40219.1
Project("{FAE04EC0-301F-11D3-BF4B-00C04F79EFBC}") = "DataBaseHelper", "DbHelper\DataBaseHelper.csproj", "{BCB4F57C-C0F6-41ED-97B3-019BBCC5B01C}"
EndProject
Project("{FAE04EC0-301F-11D3-BF4B-00C04F79EFBC}") = "DbHelperTests", "DbHelperTests\DbHelperTests.csproj", "{C6AFEF8F-52FD-47D6-B4EE-4D93F0EBE96B}"
EndProject
Project("{FAE04EC0-301F-11D3-BF4B-00C04F79EFBC}") = "DataBaseHelperTests", "DataBaseHelperTests\DataBaseHelperTests.csproj", "{90FFF3E6-2D73-49B3-A4EC-B410D78994C9}"
EndProject
Project("{F088123C-0E9E-452A-89E6-6BA2F21D5CAC}") = "DataBaseHelperUML", "DataBaseHelperUML\DataBaseHelperUML.modelproj", "{783970FD-4170-42AB-9C56-033F0D120EA2}"
EndProject
Project("{FAE04EC0-301F-11D3-BF4B-00C04F79EFBC}") = "DataBaseHelperTests.Tests", "DataBaseHelperTests.Tests\DataBaseHelperTests.Tests.csproj", "{3EAA5B86-D659-4BBF-AE88-4BCA809C032B}"
EndProject
Global
	GlobalSection(SolutionConfigurationPlatforms) = preSolution
		Debug|Any CPU = Debug|Any CPU
		Release|Any CPU = Release|Any CPU
	EndGlobalSection
	GlobalSection(ProjectConfigurationPlatforms) = postSolution
		{BCB4F57C-C0F6-41ED-97B3-019BBCC5B01C}.Debug|Any CPU.ActiveCfg = Debug|Any CPU
		{BCB4F57C-C0F6-41ED-97B3-019BBCC5B01C}.Debug|Any CPU.Build.0 = Debug|Any CPU
		{BCB4F57C-C0F6-41ED-97B3-019BBCC5B01C}.Release|Any CPU.ActiveCfg = Release|Any CPU
		{BCB4F57C-C0F6-41ED-97B3-019BBCC5B01C}.Release|Any CPU.Build.0 = Release|Any CPU
		{C6AFEF8F-52FD-47D6-B4EE-4D93F0EBE96B}.Debug|Any CPU.ActiveCfg = Debug|Any CPU
		{C6AFEF8F-52FD-47D6-B4EE-4D93F0EBE96B}.Debug|Any CPU.Build.0 = Debug|Any CPU
		{C6AFEF8F-52FD-47D6-B4EE-4D93F0EBE96B}.Release|Any CPU.ActiveCfg = Release|Any CPU
		{C6AFEF8F-52FD-47D6-B4EE-4D93F0EBE96B}.Release|Any CPU.Build.0 = Release|Any CPU
		{90FFF3E6-2D73-49B3-A4EC-B410D78994C9}.Debug|Any CPU.ActiveCfg = Debug|Any CPU
		{90FFF3E6-2D73-49B3-A4EC-B410D78994C9}.Debug|Any CPU.Build.0 = Debug|Any CPU
		{90FFF3E6-2D73-49B3-A4EC-B410D78994C9}.Release|Any CPU.ActiveCfg = Release|Any CPU
		{90FFF3E6-2D73-49B3-A4EC-B410D78994C9}.Release|Any CPU.Build.0 = Release|Any CPU
		{783970FD-4170-42AB-9C56-033F0D120EA2}.Debug|Any CPU.ActiveCfg = Debug|Any CPU
		{783970FD-4170-42AB-9C56-033F0D120EA2}.Debug|Any CPU.Build.0 = Debug|Any CPU
		{783970FD-4170-42AB-9C56-033F0D120EA2}.Release|Any CPU.ActiveCfg = Release|Any CPU
		{783970FD-4170-42AB-9C56-033F0D120EA2}.Release|Any CPU.Build.0 = Release|Any CPU
		{3EAA5B86-D659-4BBF-AE88-4BCA809C032B}.Debug|Any CPU.ActiveCfg = Debug|Any CPU
		{3EAA5B86-D659-4BBF-AE88-4BCA809C032B}.Debug|Any CPU.Build.0 = Debug|Any CPU
		{3EAA5B86-D659-4BBF-AE88-4BCA809C032B}.Release|Any CPU.ActiveCfg = Release|Any CPU
		{3EAA5B86-D659-4BBF-AE88-4BCA809C032B}.Release|Any CPU.Build.0 = Release|Any CPU
	EndGlobalSection
	GlobalSection(SolutionProperties) = preSolution
		HideSolutionNode = FALSE
	EndGlobalSection
EndGlobal
